
Microsoft Visual Studio Solution File, Format Version 12.00
# Visual Studio Version 17
VisualStudioVersion = 17.4.33403.182
MinimumVisualStudioVersion = 10.0.40219.1
Project("{FAE04EC0-301F-11D3-BF4B-00C04F79EFBC}") = "AZFuncIsolatedAppInsights", "src\AZFuncIsolatedAppInsights\AZFuncIsolatedAppInsights.csproj", "{FABB9E02-A582-46BB-B1A2-CEA0EAA3E5B2}"
EndProject
Global
	GlobalSection(SolutionConfigurationPlatforms) = preSolution
		Debug|Any CPU = Debug|Any CPU
		Release|Any CPU = Release|Any CPU
	EndGlobalSection
	GlobalSection(ProjectConfigurationPlatforms) = postSolution
		{FABB9E02-A582-46BB-B1A2-CEA0EAA3E5B2}.Debug|Any CPU.ActiveCfg = Debug|Any CPU
		{FABB9E02-A582-46BB-B1A2-CEA0EAA3E5B2}.Debug|Any CPU.Build.0 = Debug|Any CPU
		{FABB9E02-A582-46BB-B1A2-CEA0EAA3E5B2}.Release|Any CPU.ActiveCfg = Release|Any CPU
		{FABB9E02-A582-46BB-B1A2-CEA0EAA3E5B2}.Release|Any CPU.Build.0 = Release|Any CPU
	EndGlobalSection
	GlobalSection(SolutionProperties) = preSolution
		HideSolutionNode = FALSE
	EndGlobalSection
	GlobalSection(ExtensibilityGlobals) = postSolution
		SolutionGuid = {68D1BD7F-15D9-43BF-A89C-059C1193AFA9}
	EndGlobalSection
EndGlobal
